
Microsoft Visual Studio Solution File, Format Version 12.00
# Visual Studio Version 17
VisualStudioVersion = 17.10.35122.118
MinimumVisualStudioVersion = 10.0.40219.1
Project("{FAE04EC0-301F-11D3-BF4B-00C04F79EFBC}") = "TestCreateNewPlate", "TestCreateNewPlate\TestCreateNewPlate.csproj", "{FD23D1A7-59D4-4707-AC32-1340750ED0EC}"
EndProject
Global
	GlobalSection(SolutionConfigurationPlatforms) = preSolution
		Debug|Any CPU = Debug|Any CPU
		Release|Any CPU = Release|Any CPU
	EndGlobalSection
	GlobalSection(ProjectConfigurationPlatforms) = postSolution
		{FD23D1A7-59D4-4707-AC32-1340750ED0EC}.Debug|Any CPU.ActiveCfg = Debug|Any CPU
		{FD23D1A7-59D4-4707-AC32-1340750ED0EC}.Debug|Any CPU.Build.0 = Debug|Any CPU
		{FD23D1A7-59D4-4707-AC32-1340750ED0EC}.Release|Any CPU.ActiveCfg = Release|Any CPU
		{FD23D1A7-59D4-4707-AC32-1340750ED0EC}.Release|Any CPU.Build.0 = Release|Any CPU
	EndGlobalSection
	GlobalSection(SolutionProperties) = preSolution
		HideSolutionNode = FALSE
	EndGlobalSection
	GlobalSection(ExtensibilityGlobals) = postSolution
		SolutionGuid = {D670C2D1-D6E1-4CC7-AC95-A5DB5E4A3A80}
	EndGlobalSection
EndGlobal
